
Microsoft Visual Studio Solution File, Format Version 12.00
# Visual Studio 14
VisualStudioVersion = 14.0.23107.0
MinimumVisualStudioVersion = 10.0.40219.1
Project("{FAE04EC0-301F-11D3-BF4B-00C04F79EFBC}") = "MVCApp", "Baidyanath\MVCApp.csproj", "{26377AFC-303C-4E6B-9A5B-B54B377E79D5}"
EndProject
Project("{FAE04EC0-301F-11D3-BF4B-00C04F79EFBC}") = "UnitTest", "..\UnitTest\UnitTest.csproj", "{89CCAC94-A8ED-4EE6-AE00-E7387CF19C62}"
EndProject
Global
	GlobalSection(SolutionConfigurationPlatforms) = preSolution
		Debug|Any CPU = Debug|Any CPU
		Release|Any CPU = Release|Any CPU
	EndGlobalSection
	GlobalSection(ProjectConfigurationPlatforms) = postSolution
		{26377AFC-303C-4E6B-9A5B-B54B377E79D5}.Debug|Any CPU.ActiveCfg = Debug|Any CPU
		{26377AFC-303C-4E6B-9A5B-B54B377E79D5}.Debug|Any CPU.Build.0 = Debug|Any CPU
		{26377AFC-303C-4E6B-9A5B-B54B377E79D5}.Release|Any CPU.ActiveCfg = Release|Any CPU
		{26377AFC-303C-4E6B-9A5B-B54B377E79D5}.Release|Any CPU.Build.0 = Release|Any CPU
		{89CCAC94-A8ED-4EE6-AE00-E7387CF19C62}.Debug|Any CPU.ActiveCfg = Debug|Any CPU
		{89CCAC94-A8ED-4EE6-AE00-E7387CF19C62}.Debug|Any CPU.Build.0 = Debug|Any CPU
		{89CCAC94-A8ED-4EE6-AE00-E7387CF19C62}.Release|Any CPU.ActiveCfg = Release|Any CPU
		{89CCAC94-A8ED-4EE6-AE00-E7387CF19C62}.Release|Any CPU.Build.0 = Release|Any CPU
	EndGlobalSection
	GlobalSection(SolutionProperties) = preSolution
		HideSolutionNode = FALSE
	EndGlobalSection
EndGlobal
